
Microsoft Visual Studio Solution File, Format Version 12.00
# Visual Studio Version 16
VisualStudioVersion = 16.0.28803.452
MinimumVisualStudioVersion = 10.0.40219.1
Project("{FAE04EC0-301F-11D3-BF4B-00C04F79EFBC}") = "Chess", "Chess\Chess.csproj", "{AD0EDB17-3AAA-44F1-97A6-D65ED71C4497}"
EndProject
Global
	GlobalSection(SolutionConfigurationPlatforms) = preSolution
		Debug|Any CPU = Debug|Any CPU
		Release|Any CPU = Release|Any CPU
	EndGlobalSection
	GlobalSection(ProjectConfigurationPlatforms) = postSolution
		{AD0EDB17-3AAA-44F1-97A6-D65ED71C4497}.Debug|Any CPU.ActiveCfg = Debug|Any CPU
		{AD0EDB17-3AAA-44F1-97A6-D65ED71C4497}.Debug|Any CPU.Build.0 = Debug|Any CPU
		{AD0EDB17-3AAA-44F1-97A6-D65ED71C4497}.Release|Any CPU.ActiveCfg = Release|Any CPU
		{AD0EDB17-3AAA-44F1-97A6-D65ED71C4497}.Release|Any CPU.Build.0 = Release|Any CPU
	EndGlobalSection
	GlobalSection(SolutionProperties) = preSolution
		HideSolutionNode = FALSE
	EndGlobalSection
	GlobalSection(ExtensibilityGlobals) = postSolution
		SolutionGuid = {CC786A05-F3A9-4607-AA99-7082A3668D7F}
	EndGlobalSection
EndGlobal
